<?xml version="1.0" encoding="utf-8"?>
<Project ToolsVersion="4.0" xmlns="http://schemas.microsoft.com/developer/msbuild/2003">
  <ItemGroup>
    <Filter Include="Source Files">
      <UniqueIdentifier>{4FC737F1-C7A5-4376-A066-2A32D752A2FF}</UniqueIdentifier>
      <Extensions>cpp;c;cc;cxx;def;odl;idl;hpj;bat;asm;asmx</Extensions>
    </Filter>
    <Filter Include="Header Files">
      <UniqueIdentifier>{93995380-89BD-4b04-88EB-625FBE52EBFB}</UniqueIdentifier>
      <Extensions>h;hpp;hxx;hm;inl;inc;xsd</Extensions>
    </Filter>
    <Filter Include="Resource Files">
      <UniqueIdentifier>{67DA6AB6-F800-4c08-8B7A-83BB121AAD01}</UniqueIdentifier>
      <Extensions>rc;ico;cur;bmp;dlg;rc2;rct;bin;rgs;gif;jpg;jpeg;jpe;resx;tiff;tif;png;wav;mfcribbon-ms</Extensions>
    </Filter>
    <Filter Include="Header Files\RapidXML">
      <UniqueIdentifier>{7fc7a61f-5b27-4351-8a09-86e69e41522e}</UniqueIdentifier>
    </Filter>
  </ItemGroup>
  <ItemGroup>
    <ClInclude Include="PublicAPI.h">
      <Filter>Header Files</Filter>
    </ClInclude>
    <ClInclude Include="RapidXML\rapidxml.hpp">
      <Filter>Header Files\RapidXML</Filter>
    </ClInclude>
    <ClInclude Include="RapidXML\rapidxml_iterators.hpp">
      <Filter>Header Files\RapidXML</Filter>
    </ClInclude>
    <ClInclude Include="RapidXML\rapidxml_print.hpp">
      <Filter>Header Files\RapidXML</Filter>
    </ClInclude>
    <ClInclude Include="RapidXML\rapidxml_utils.hpp">
      <Filter>Header Files\RapidXML</Filter>
    </ClInclude>
    <ClInclude Include="IShape.h">
      <Filter>Header Files</Filter>
    </ClInclude>
    <ClInclude Include="ShapeMaker.h">
      <Filter>Header Files</Filter>
    </ClInclude>
    <ClInclude Include="IShapeMaker.h">
      <Filter>Header Files</Filter>
    </ClInclude>
    <ClInclude Include="ShapeFactory.h">
      <Filter>Header Files</Filter>
    </ClInclude>
  </ItemGroup>
  <ItemGroup>
    <ClCompile Include="ShapeFactory.cpp">
      <Filter>Source Files</Filter>
    </ClCompile>
  </ItemGroup>
</Project>