
Microsoft Visual Studio Solution File, Format Version 12.00
# Visual Studio 2012
Project("{FAE04EC0-301F-11D3-BF4B-00C04F79EFBC}") = "UMDH.Visualizer", "UMDH.Visualizer\UMDH.Visualizer.csproj", "{A3041F02-87ED-49C2-8248-40B8D916C979}"
EndProject
Project("{FAE04EC0-301F-11D3-BF4B-00C04F79EFBC}") = "UMDH.Parser", "UMDH.Parser\UMDH.Parser.csproj", "{43D52AF8-6C7D-41D6-A0D4-95AFBA49CF0B}"
EndProject
Global
	GlobalSection(SolutionConfigurationPlatforms) = preSolution
		Debug|Any CPU = Debug|Any CPU
		Release|Any CPU = Release|Any CPU
	EndGlobalSection
	GlobalSection(ProjectConfigurationPlatforms) = postSolution
		{A3041F02-87ED-49C2-8248-40B8D916C979}.Debug|Any CPU.ActiveCfg = Debug|Any CPU
		{A3041F02-87ED-49C2-8248-40B8D916C979}.Debug|Any CPU.Build.0 = Debug|Any CPU
		{A3041F02-87ED-49C2-8248-40B8D916C979}.Release|Any CPU.ActiveCfg = Release|Any CPU
		{A3041F02-87ED-49C2-8248-40B8D916C979}.Release|Any CPU.Build.0 = Release|Any CPU
		{43D52AF8-6C7D-41D6-A0D4-95AFBA49CF0B}.Debug|Any CPU.ActiveCfg = Debug|Any CPU
		{43D52AF8-6C7D-41D6-A0D4-95AFBA49CF0B}.Debug|Any CPU.Build.0 = Debug|Any CPU
		{43D52AF8-6C7D-41D6-A0D4-95AFBA49CF0B}.Release|Any CPU.ActiveCfg = Release|Any CPU
		{43D52AF8-6C7D-41D6-A0D4-95AFBA49CF0B}.Release|Any CPU.Build.0 = Release|Any CPU
	EndGlobalSection
	GlobalSection(SolutionProperties) = preSolution
		HideSolutionNode = FALSE
	EndGlobalSection
EndGlobal
