
Microsoft Visual Studio Solution File, Format Version 12.00
# Visual Studio 14
VisualStudioVersion = 14.0.22129.1
MinimumVisualStudioVersion = 10.0.40219.1
Project("{FAE04EC0-301F-11D3-BF4B-00C04F79EFBC}") = "WaitingOnExpressions", "WaitingOnExpressions\WaitingOnExpressions.csproj", "{55D5E415-4785-4F3B-8E2B-845BF394DBBF}"
EndProject
Project("{FAE04EC0-301F-11D3-BF4B-00C04F79EFBC}") = "WaitingOnExpressions.Logic", "WaitingOnExpressions.Logic\WaitingOnExpressions.Logic.csproj", "{1DC231D9-04CD-4F73-81CB-98E2A30C2E5B}"
EndProject
Project("{FAE04EC0-301F-11D3-BF4B-00C04F79EFBC}") = "WaitingOnExpressions.Tests", "WaitingOnExpressions.Tests\WaitingOnExpressions.Tests.csproj", "{EBA93102-9E16-49EE-8305-FA5CC19C4F97}"
EndProject
Project("{FAE04EC0-301F-11D3-BF4B-00C04F79EFBC}") = "GenericExtensions", "GenericExtensions\GenericExtensions.csproj", "{6C3A30BA-3532-4BBB-8E28-B98CBC7481E4}"
EndProject
Global
	GlobalSection(SolutionConfigurationPlatforms) = preSolution
		Debug|Any CPU = Debug|Any CPU
		Release|Any CPU = Release|Any CPU
	EndGlobalSection
	GlobalSection(ProjectConfigurationPlatforms) = postSolution
		{55D5E415-4785-4F3B-8E2B-845BF394DBBF}.Debug|Any CPU.ActiveCfg = Debug|Any CPU
		{55D5E415-4785-4F3B-8E2B-845BF394DBBF}.Debug|Any CPU.Build.0 = Debug|Any CPU
		{55D5E415-4785-4F3B-8E2B-845BF394DBBF}.Release|Any CPU.ActiveCfg = Release|Any CPU
		{55D5E415-4785-4F3B-8E2B-845BF394DBBF}.Release|Any CPU.Build.0 = Release|Any CPU
		{1DC231D9-04CD-4F73-81CB-98E2A30C2E5B}.Debug|Any CPU.ActiveCfg = Debug|Any CPU
		{1DC231D9-04CD-4F73-81CB-98E2A30C2E5B}.Debug|Any CPU.Build.0 = Debug|Any CPU
		{1DC231D9-04CD-4F73-81CB-98E2A30C2E5B}.Release|Any CPU.ActiveCfg = Release|Any CPU
		{1DC231D9-04CD-4F73-81CB-98E2A30C2E5B}.Release|Any CPU.Build.0 = Release|Any CPU
		{EBA93102-9E16-49EE-8305-FA5CC19C4F97}.Debug|Any CPU.ActiveCfg = Debug|Any CPU
		{EBA93102-9E16-49EE-8305-FA5CC19C4F97}.Debug|Any CPU.Build.0 = Debug|Any CPU
		{EBA93102-9E16-49EE-8305-FA5CC19C4F97}.Release|Any CPU.ActiveCfg = Release|Any CPU
		{EBA93102-9E16-49EE-8305-FA5CC19C4F97}.Release|Any CPU.Build.0 = Release|Any CPU
		{6C3A30BA-3532-4BBB-8E28-B98CBC7481E4}.Debug|Any CPU.ActiveCfg = Debug|Any CPU
		{6C3A30BA-3532-4BBB-8E28-B98CBC7481E4}.Debug|Any CPU.Build.0 = Debug|Any CPU
		{6C3A30BA-3532-4BBB-8E28-B98CBC7481E4}.Release|Any CPU.ActiveCfg = Release|Any CPU
		{6C3A30BA-3532-4BBB-8E28-B98CBC7481E4}.Release|Any CPU.Build.0 = Release|Any CPU
	EndGlobalSection
	GlobalSection(SolutionProperties) = preSolution
		HideSolutionNode = FALSE
	EndGlobalSection
EndGlobal
