
Microsoft Visual Studio Solution File, Format Version 12.00
# Visual Studio 2013
VisualStudioVersion = 12.0.30723.0
MinimumVisualStudioVersion = 10.0.40219.1
Project("{FAE04EC0-301F-11D3-BF4B-00C04F79EFBC}") = "GenericExtensions", "GenericExtensions\GenericExtensions.csproj", "{6C3A30BA-3532-4BBB-8E28-B98CBC7481E4}"
EndProject
Project("{FAE04EC0-301F-11D3-BF4B-00C04F79EFBC}") = "GenericExtensions.Tests", "GenericExtensions.Tests\GenericExtensions.Tests.csproj", "{94483ECF-B34B-4AB0-BFDA-40FFBF4A14E3}"
EndProject
Global
	GlobalSection(SolutionConfigurationPlatforms) = preSolution
		Debug|Any CPU = Debug|Any CPU
		Release|Any CPU = Release|Any CPU
	EndGlobalSection
	GlobalSection(ProjectConfigurationPlatforms) = postSolution
		{6C3A30BA-3532-4BBB-8E28-B98CBC7481E4}.Debug|Any CPU.ActiveCfg = Debug|Any CPU
		{6C3A30BA-3532-4BBB-8E28-B98CBC7481E4}.Debug|Any CPU.Build.0 = Debug|Any CPU
		{6C3A30BA-3532-4BBB-8E28-B98CBC7481E4}.Release|Any CPU.ActiveCfg = Release|Any CPU
		{6C3A30BA-3532-4BBB-8E28-B98CBC7481E4}.Release|Any CPU.Build.0 = Release|Any CPU
		{94483ECF-B34B-4AB0-BFDA-40FFBF4A14E3}.Debug|Any CPU.ActiveCfg = Debug|Any CPU
		{94483ECF-B34B-4AB0-BFDA-40FFBF4A14E3}.Debug|Any CPU.Build.0 = Debug|Any CPU
		{94483ECF-B34B-4AB0-BFDA-40FFBF4A14E3}.Release|Any CPU.ActiveCfg = Release|Any CPU
		{94483ECF-B34B-4AB0-BFDA-40FFBF4A14E3}.Release|Any CPU.Build.0 = Release|Any CPU
	EndGlobalSection
	GlobalSection(SolutionProperties) = preSolution
		HideSolutionNode = FALSE
	EndGlobalSection
EndGlobal
